
Microsoft Visual Studio Solution File, Format Version 12.00
# Visual Studio Version 17
VisualStudioVersion = 17.7.34031.279
MinimumVisualStudioVersion = 10.0.40219.1
Project("{8BC9CEB8-8B4A-11D0-8D11-00A0C91BC942}") = "AVL_Balance_BST_22h1120016", "AVL_Balance_BST_22h1120016\AVL_Balance_BST_22h1120016.vcxproj", "{F5F47001-3A0A-41BA-A401-02ADC8A80028}"
EndProject
Global
	GlobalSection(SolutionConfigurationPlatforms) = preSolution
		Debug|x64 = Debug|x64
		Debug|x86 = Debug|x86
		Release|x64 = Release|x64
		Release|x86 = Release|x86
	EndGlobalSection
	GlobalSection(ProjectConfigurationPlatforms) = postSolution
		{F5F47001-3A0A-41BA-A401-02ADC8A80028}.Debug|x64.ActiveCfg = Debug|x64
		{F5F47001-3A0A-41BA-A401-02ADC8A80028}.Debug|x64.Build.0 = Debug|x64
		{F5F47001-3A0A-41BA-A401-02ADC8A80028}.Debug|x86.ActiveCfg = Debug|Win32
		{F5F47001-3A0A-41BA-A401-02ADC8A80028}.Debug|x86.Build.0 = Debug|Win32
		{F5F47001-3A0A-41BA-A401-02ADC8A80028}.Release|x64.ActiveCfg = Release|x64
		{F5F47001-3A0A-41BA-A401-02ADC8A80028}.Release|x64.Build.0 = Release|x64
		{F5F47001-3A0A-41BA-A401-02ADC8A80028}.Release|x86.ActiveCfg = Release|Win32
		{F5F47001-3A0A-41BA-A401-02ADC8A80028}.Release|x86.Build.0 = Release|Win32
	EndGlobalSection
	GlobalSection(SolutionProperties) = preSolution
		HideSolutionNode = FALSE
	EndGlobalSection
	GlobalSection(ExtensibilityGlobals) = postSolution
		SolutionGuid = {AE14DA91-0474-4882-800E-CF8ABBE955E6}
	EndGlobalSection
EndGlobal
